
Microsoft Visual Studio Solution File, Format Version 12.00
# Visual Studio Version 17
VisualStudioVersion = 17.0.31808.319
MinimumVisualStudioVersion = 10.0.40219.1
Project("{FAE04EC0-301F-11D3-BF4B-00C04F79EFBC}") = "VIsual Studio", "VIsual Studio\VIsual Studio.csproj", "{AF7A41BB-4597-400C-BF16-4BFFA9365AE5}"
EndProject
Global
	GlobalSection(SolutionConfigurationPlatforms) = preSolution
		Debug|Any CPU = Debug|Any CPU
		Release|Any CPU = Release|Any CPU
	EndGlobalSection
	GlobalSection(ProjectConfigurationPlatforms) = postSolution
		{AF7A41BB-4597-400C-BF16-4BFFA9365AE5}.Debug|Any CPU.ActiveCfg = Debug|Any CPU
		{AF7A41BB-4597-400C-BF16-4BFFA9365AE5}.Debug|Any CPU.Build.0 = Debug|Any CPU
		{AF7A41BB-4597-400C-BF16-4BFFA9365AE5}.Release|Any CPU.ActiveCfg = Release|Any CPU
		{AF7A41BB-4597-400C-BF16-4BFFA9365AE5}.Release|Any CPU.Build.0 = Release|Any CPU
	EndGlobalSection
	GlobalSection(SolutionProperties) = preSolution
		HideSolutionNode = FALSE
	EndGlobalSection
	GlobalSection(ExtensibilityGlobals) = postSolution
		SolutionGuid = {DC873F07-5952-49BB-BC54-248845F2789B}
	EndGlobalSection
EndGlobal
